
Microsoft Visual Studio Solution File, Format Version 12.00
# Visual Studio 15
VisualStudioVersion = 15.0.27703.2000
MinimumVisualStudioVersion = 10.0.40219.1
Project("{FAE04EC0-301F-11D3-BF4B-00C04F79EFBC}") = "MyReflection", "MyReflection\MyReflection.csproj", "{0DD7EE67-101A-4A28-9B7F-D3B3CCBDE73E}"
EndProject
Project("{FAE04EC0-301F-11D3-BF4B-00C04F79EFBC}") = "MyReflection.Model", "MyReflection.Model\MyReflection.Model.csproj", "{7D0A6AD9-5604-4A4B-8C26-1DE1D79885EF}"
EndProject
Global
	GlobalSection(SolutionConfigurationPlatforms) = preSolution
		Debug|Any CPU = Debug|Any CPU
		Release|Any CPU = Release|Any CPU
	EndGlobalSection
	GlobalSection(ProjectConfigurationPlatforms) = postSolution
		{0DD7EE67-101A-4A28-9B7F-D3B3CCBDE73E}.Debug|Any CPU.ActiveCfg = Debug|Any CPU
		{0DD7EE67-101A-4A28-9B7F-D3B3CCBDE73E}.Debug|Any CPU.Build.0 = Debug|Any CPU
		{0DD7EE67-101A-4A28-9B7F-D3B3CCBDE73E}.Release|Any CPU.ActiveCfg = Release|Any CPU
		{0DD7EE67-101A-4A28-9B7F-D3B3CCBDE73E}.Release|Any CPU.Build.0 = Release|Any CPU
		{7D0A6AD9-5604-4A4B-8C26-1DE1D79885EF}.Debug|Any CPU.ActiveCfg = Debug|Any CPU
		{7D0A6AD9-5604-4A4B-8C26-1DE1D79885EF}.Debug|Any CPU.Build.0 = Debug|Any CPU
		{7D0A6AD9-5604-4A4B-8C26-1DE1D79885EF}.Release|Any CPU.ActiveCfg = Release|Any CPU
		{7D0A6AD9-5604-4A4B-8C26-1DE1D79885EF}.Release|Any CPU.Build.0 = Release|Any CPU
	EndGlobalSection
	GlobalSection(SolutionProperties) = preSolution
		HideSolutionNode = FALSE
	EndGlobalSection
	GlobalSection(ExtensibilityGlobals) = postSolution
		SolutionGuid = {B4C59D5C-CE74-40AE-B8A3-8F82D14C8447}
	EndGlobalSection
EndGlobal
